// !$*UTF8*$!
{
	archiveVersion = 1;
	classes = {
	};
	objectVersion = 52;
	objects = {

/* Begin PBXBuildFile section */
		4F0C64002576654C00C4AA1C /* WorldGreetingsApp.swift in Sources */ = {isa = PBXBuildFile; fileRef = 4F0C63FF2576654C00C4AA1C /* WorldGreetingsApp.swift */; };
		4F0C64022576654C00C4AA1C /* ContentView.swift in Sources */ = {isa = PBXBuildFile; fileRef = 4F0C64012576654C00C4AA1C /* ContentView.swift */; };
		4F0C64042576654E00C4AA1C /* Assets.xcassets in Resources */ = {isa = PBXBuildFile; fileRef = 4F0C64032576654E00C4AA1C /* Assets.xcassets */; };
		4F0C64072576654E00C4AA1C /* Preview Assets.xcassets in Resources */ = {isa = PBXBuildFile; fileRef = 4F0C64062576654E00C4AA1C /* Preview Assets.xcassets */; };
		4F0C64112576664D00C4AA1C /* WorldGreetings in Frameworks */ = {isa = PBXBuildFile; productRef = 4F0C64102576664D00C4AA1C /* WorldGreetings */; };
		4F0C643225767A5E00C4AA1C /* Localizable.strings in Resources */ = {isa = PBXBuildFile; fileRef = 4F0C643425767A5E00C4AA1C /* Localizable.strings */; };
/* End PBXBuildFile section */

/* Begin PBXFileReference section */
		4F0C63FC2576654C00C4AA1C /* WorldGreetings_App.app */ = {isa = PBXFileReference; explicitFileType = wrapper.application; includeInIndex = 0; path = WorldGreetings_App.app; sourceTree = BUILT_PRODUCTS_DIR; };
		4F0C63FF2576654C00C4AA1C /* WorldGreetingsApp.swift */ = {isa = PBXFileReference; lastKnownFileType = sourcecode.swift; path = WorldGreetingsApp.swift; sourceTree = "<group>"; };
		4F0C64012576654C00C4AA1C /* ContentView.swift */ = {isa = PBXFileReference; lastKnownFileType = sourcecode.swift; path = ContentView.swift; sourceTree = "<group>"; };
		4F0C64032576654E00C4AA1C /* Assets.xcassets */ = {isa = PBXFileReference; lastKnownFileType = folder.assetcatalog; path = Assets.xcassets; sourceTree = "<group>"; };
		4F0C64062576654E00C4AA1C /* Preview Assets.xcassets */ = {isa = PBXFileReference; lastKnownFileType = folder.assetcatalog; path = "Preview Assets.xcassets"; sourceTree = "<group>"; };
		4F0C64082576654E00C4AA1C /* Info.plist */ = {isa = PBXFileReference; lastKnownFileType = text.plist.xml; path = Info.plist; sourceTree = "<group>"; };
		4F0C643325767A5E00C4AA1C /* en */ = {isa = PBXFileReference; lastKnownFileType = text.plist.strings; name = en; path = en.lproj/Localizable.strings; sourceTree = "<group>"; };
		4F0C643525767A6000C4AA1C /* nl */ = {isa = PBXFileReference; lastKnownFileType = text.plist.strings; name = nl; path = nl.lproj/Localizable.strings; sourceTree = "<group>"; };
		4F0C643625767A6F00C4AA1C /* es */ = {isa = PBXFileReference; lastKnownFileType = text.plist.strings; name = es; path = es.lproj/Localizable.strings; sourceTree = "<group>"; };
/* End PBXFileReference section */

/* Begin PBXFrameworksBuildPhase section */
		4F0C63F92576654C00C4AA1C /* Frameworks */ = {
			isa = PBXFrameworksBuildPhase;
			buildActionMask = 2147483647;
			files = (
				4F0C64112576664D00C4AA1C /* WorldGreetings in Frameworks */,
			);
			runOnlyForDeploymentPostprocessing = 0;
		};
/* End PBXFrameworksBuildPhase section */

/* Begin PBXGroup section */
		4F0C63F32576654C00C4AA1C = {
			isa = PBXGroup;
			children = (
				4F0C63FE2576654C00C4AA1C /* WorldGreetings */,
				4F0C63FD2576654C00C4AA1C /* Products */,
			);
			sourceTree = "<group>";
		};
		4F0C63FD2576654C00C4AA1C /* Products */ = {
			isa = PBXGroup;
			children = (
				4F0C63FC2576654C00C4AA1C /* WorldGreetings_App.app */,
			);
			name = Products;
			sourceTree = "<group>";
		};
		4F0C63FE2576654C00C4AA1C /* WorldGreetings */ = {
			isa = PBXGroup;
			children = (
				4F0C63FF2576654C00C4AA1C /* WorldGreetingsApp.swift */,
				4F0C64012576654C00C4AA1C /* ContentView.swift */,
				4F0C64032576654E00C4AA1C /* Assets.xcassets */,
				4F0C64082576654E00C4AA1C /* Info.plist */,
				4F0C64052576654E00C4AA1C /* Preview Content */,
				4F0C643425767A5E00C4AA1C /* Localizable.strings */,
			);
			path = WorldGreetings;
			sourceTree = "<group>";
		};
		4F0C64052576654E00C4AA1C /* Preview Content */ = {
			isa = PBXGroup;
			children = (
				4F0C64062576654E00C4AA1C /* Preview Assets.xcassets */,
			);
			path = "Preview Content";
			sourceTree = "<group>";
		};
/* End PBXGroup section */

/* Begin PBXNativeTarget section */
		4F0C63FB2576654C00C4AA1C /* WorldGreetings_App */ = {
			isa = PBXNativeTarget;
			buildConfigurationList = 4F0C640B2576654E00C4AA1C /* Build configuration list for PBXNativeTarget "WorldGreetings_App" */;
			buildPhases = (
				4F0C63F82576654C00C4AA1C /* Sources */,
				4F0C63F92576654C00C4AA1C /* Frameworks */,
				4F0C63FA2576654C00C4AA1C /* Resources */,
			);
			buildRules = (
			);
			dependencies = (
			);
			name = WorldGreetings_App;
			packageProductDependencies = (
				4F0C64102576664D00C4AA1C /* WorldGreetings */,
			);
			productName = WorldGreetings;
			productReference = 4F0C63FC2576654C00C4AA1C /* WorldGreetings_App.app */;
			productType = "com.apple.product-type.application";
		};
/* End PBXNativeTarget section */

/* Begin PBXProject section */
		4F0C63F42576654C00C4AA1C /* Project object */ = {
			isa = PBXProject;
			attributes = {
				LastSwiftUpdateCheck = 1210;
				LastUpgradeCheck = 1210;
				TargetAttributes = {
					4F0C63FB2576654C00C4AA1C = {
						CreatedOnToolsVersion = 12.1;
					};
				};
			};
			buildConfigurationList = 4F0C63F72576654C00C4AA1C /* Build configuration list for PBXProject "WorldGreetings_App" */;
			compatibilityVersion = "Xcode 9.3";
			developmentRegion = en;
			hasScannedForEncodings = 0;
			knownRegions = (
				en,
				es,
				nl,
				hu,
			);
			mainGroup = 4F0C63F32576654C00C4AA1C;
			packageReferences = (
				4F0C640F2576664D00C4AA1C /* XCRemoteSwiftPackageReference "WorldGreetings-spm" */,
			);
			productRefGroup = 4F0C63FD2576654C00C4AA1C /* Products */;
			projectDirPath = "";
			projectRoot = "";
			targets = (
				4F0C63FB2576654C00C4AA1C /* WorldGreetings_App */,
			);
		};
/* End PBXProject section */

/* Begin PBXResourcesBuildPhase section */
		4F0C63FA2576654C00C4AA1C /* Resources */ = {
			isa = PBXResourcesBuildPhase;
			buildActionMask = 2147483647;
			files = (
				4F0C64072576654E00C4AA1C /* Preview Assets.xcassets in Resources */,
				4F0C643225767A5E00C4AA1C /* Localizable.strings in Resources */,
				4F0C64042576654E00C4AA1C /* Assets.xcassets in Resources */,
			);
			runOnlyForDeploymentPostprocessing = 0;
		};
/* End PBXResourcesBuildPhase section */

/* Begin PBXSourcesBuildPhase section */
		4F0C63F82576654C00C4AA1C /* Sources */ = {
			isa = PBXSourcesBuildPhase;
			buildActionMask = 2147483647;
			files = (
				4F0C64022576654C00C4AA1C /* ContentView.swift in Sources */,
				4F0C64002576654C00C4AA1C /* WorldGreetingsApp.swift in Sources */,
			);
			runOnlyForDeploymentPostprocessing = 0;
		};
/* End PBXSourcesBuildPhase section */

/* Begin PBXVariantGroup section */
		4F0C643425767A5E00C4AA1C /* Localizable.strings */ = {
			isa = PBXVariantGroup;
			children = (
				4F0C643325767A5E00C4AA1C /* en */,
				4F0C643525767A6000C4AA1C /* nl */,
				4F0C643625767A6F00C4AA1C /* es */,
			);
			name = Localizable.strings;
			sourceTree = "<group>";
		};
/* End PBXVariantGroup section */

/* Begin XCBuildConfiguration section */
		4F0C64092576654E00C4AA1C /* Debug */ = {
			isa = XCBuildConfiguration;
			buildSettings = {
				ALWAYS_SEARCH_USER_PATHS = NO;
				CLANG_ANALYZER_NONNULL = YES;
				CLANG_ANALYZER_NUMBER_OBJECT_CONVERSION = YES_AGGRESSIVE;
				CLANG_CXX_LANGUAGE_STANDARD = "gnu++14";
				CLANG_CXX_LIBRARY = "libc++";
				CLANG_ENABLE_MODULES = YES;
				CLANG_ENABLE_OBJC_ARC = YES;
				CLANG_ENABLE_OBJC_WEAK = YES;
				CLANG_WARN_BLOCK_CAPTURE_AUTORELEASING = YES;
				CLANG_WARN_BOOL_CONVERSION = YES;
				CLANG_WARN_COMMA = YES;
				CLANG_WARN_CONSTANT_CONVERSION = YES;
				CLANG_WARN_DEPRECATED_OBJC_IMPLEMENTATIONS = YES;
				CLANG_WARN_DIRECT_OBJC_ISA_USAGE = YES_ERROR;
				CLANG_WARN_DOCUMENTATION_COMMENTS = YES;
				CLANG_WARN_EMPTY_BODY = YES;
				CLANG_WARN_ENUM_CONVERSION = YES;
				CLANG_WARN_INFINITE_RECURSION = YES;
				CLANG_WARN_INT_CONVERSION = YES;
				CLANG_WARN_NON_LITERAL_NULL_CONVERSION = YES;
				CLANG_WARN_OBJC_IMPLICIT_RETAIN_SELF = YES;
				CLANG_WARN_OBJC_LITERAL_CONVERSION = YES;
				CLANG_WARN_OBJC_ROOT_CLASS = YES_ERROR;
				CLANG_WARN_QUOTED_INCLUDE_IN_FRAMEWORK_HEADER = YES;
				CLANG_WARN_RANGE_LOOP_ANALYSIS = YES;
				CLANG_WARN_STRICT_PROTOTYPES = YES;
				CLANG_WARN_SUSPICIOUS_MOVE = YES;
				CLANG_WARN_UNGUARDED_AVAILABILITY = YES_AGGRESSIVE;
				CLANG_WARN_UNREACHABLE_CODE = YES;
				CLANG_WARN__DUPLICATE_METHOD_MATCH = YES;
				COPY_PHASE_STRIP = NO;
				DEBUG_INFORMATION_FORMAT = dwarf;
				ENABLE_STRICT_OBJC_MSGSEND = YES;
				ENABLE_TESTABILITY = YES;
				GCC_C_LANGUAGE_STANDARD = gnu11;
				GCC_DYNAMIC_NO_PIC = NO;
				GCC_NO_COMMON_BLOCKS = YES;
				GCC_OPTIMIZATION_LEVEL = 0;
				GCC_PREPROCESSOR_DEFINITIONS = (
					"DEBUG=1",
					"$(inherited)",
				);
				GCC_WARN_64_TO_32_BIT_CONVERSION = YES;
				GCC_WARN_ABOUT_RETURN_TYPE = YES_ERROR;
				GCC_WARN_UNDECLARED_SELECTOR = YES;
				GCC_WARN_UNINITIALIZED_AUTOS = YES_AGGRESSIVE;
				GCC_WARN_UNUSED_FUNCTION = YES;
				GCC_WARN_UNUSED_VARIABLE = YES;
				IPHONEOS_DEPLOYMENT_TARGET = 14.1;
				MTL_ENABLE_DEBUG_INFO = INCLUDE_SOURCE;
				MTL_FAST_MATH = YES;
				ONLY_ACTIVE_ARCH = YES;
				SDKROOT = iphoneos;
				SWIFT_ACTIVE_COMPILATION_CONDITIONS = DEBUG;
				SWIFT_OPTIMIZATION_LEVEL = "-Onone";
			};
			name = Debug;
		};
		4F0C640A2576654E00C4AA1C /* Release */ = {
			isa = XCBuildConfiguration;
			buildSettings = {
				ALWAYS_SEARCH_USER_PATHS = NO;
				CLANG_ANALYZER_NONNULL = YES;
				CLANG_ANALYZER_NUMBER_OBJECT_CONVERSION = YES_AGGRESSIVE;
				CLANG_CXX_LANGUAGE_STANDARD = "gnu++14";
				CLANG_CXX_LIBRARY = "libc++";
				CLANG_ENABLE_MODULES = YES;
				CLANG_ENABLE_OBJC_ARC = YES;
				CLANG_ENABLE_OBJC_WEAK = YES;
				CLANG_WARN_BLOCK_CAPTURE_AUTORELEASING = YES;
				CLANG_WARN_BOOL_CONVERSION = YES;
				CLANG_WARN_COMMA = YES;
				CLANG_WARN_CONSTANT_CONVERSION = YES;
				CLANG_WARN_DEPRECATED_OBJC_IMPLEMENTATIONS = YES;
				CLANG_WARN_DIRECT_OBJC_ISA_USAGE = YES_ERROR;
				CLANG_WARN_DOCUMENTATION_COMMENTS = YES;
				CLANG_WARN_EMPTY_BODY = YES;
				CLANG_WARN_ENUM_CONVERSION = YES;
				CLANG_WARN_INFINITE_RECURSION = YES;
				CLANG_WARN_INT_CONVERSION = YES;
				CLANG_WARN_NON_LITERAL_NULL_CONVERSION = YES;
				CLANG_WARN_OBJC_IMPLICIT_RETAIN_SELF = YES;
				CLANG_WARN_OBJC_LITERAL_CONVERSION = YES;
				CLANG_WARN_OBJC_ROOT_CLASS = YES_ERROR;
				CLANG_WARN_QUOTED_INCLUDE_IN_FRAMEWORK_HEADER = YES;
				CLANG_WARN_RANGE_LOOP_ANALYSIS = YES;
				CLANG_WARN_STRICT_PROTOTYPES = YES;
				CLANG_WARN_SUSPICIOUS_MOVE = YES;
				CLANG_WARN_UNGUARDED_AVAILABILITY = YES_AGGRESSIVE;
				CLANG_WARN_UNREACHABLE_CODE = YES;
				CLANG_WARN__DUPLICATE_METHOD_MATCH = YES;
				COPY_PHASE_STRIP = NO;
				DEBUG_INFORMATION_FORMAT = "dwarf-with-dsym";
				ENABLE_NS_ASSERTIONS = NO;
				ENABLE_STRICT_OBJC_MSGSEND = YES;
				GCC_C_LANGUAGE_STANDARD = gnu11;
				GCC_NO_COMMON_BLOCKS = YES;
				GCC_WARN_64_TO_32_BIT_CONVERSION = YES;
				GCC_WARN_ABOUT_RETURN_TYPE = YES_ERROR;
				GCC_WARN_UNDECLARED_SELECTOR = YES;
				GCC_WARN_UNINITIALIZED_AUTOS = YES_AGGRESSIVE;
				GCC_WARN_UNUSED_FUNCTION = YES;
				GCC_WARN_UNUSED_VARIABLE = YES;
				IPHONEOS_DEPLOYMENT_TARGET = 14.1;
				MTL_ENABLE_DEBUG_INFO = NO;
				MTL_FAST_MATH = YES;
				SDKROOT = iphoneos;
				SWIFT_COMPILATION_MODE = wholemodule;
				SWIFT_OPTIMIZATION_LEVEL = "-O";
				VALIDATE_PRODUCT = YES;
			};
			name = Release;
		};
		4F0C640C2576654E00C4AA1C /* Debug */ = {
			isa = XCBuildConfiguration;
			buildSettings = {
				ASSETCATALOG_COMPILER_APPICON_NAME = AppIcon;
				ASSETCATALOG_COMPILER_GLOBAL_ACCENT_COLOR_NAME = AccentColor;
				CODE_SIGN_STYLE = Automatic;
				DEVELOPMENT_ASSET_PATHS = "\"WorldGreetings/Preview Content\"";
				DEVELOPMENT_TEAM = 2BA7PGZ44F;
				ENABLE_PREVIEWS = YES;
				INFOPLIST_FILE = WorldGreetings/Info.plist;
				IPHONEOS_DEPLOYMENT_TARGET = 14.0;
				LD_RUNPATH_SEARCH_PATHS = (
					"$(inherited)",
					"@executable_path/Frameworks",
				);
				PRODUCT_BUNDLE_IDENTIFIER = com.piterwilson.WorldGreetings;
				PRODUCT_NAME = "$(TARGET_NAME)";
				SWIFT_VERSION = 5.0;
				TARGETED_DEVICE_FAMILY = "1,2";
			};
			name = Debug;
		};
		4F0C640D2576654E00C4AA1C /* Release */ = {
			isa = XCBuildConfiguration;
			buildSettings = {
				ASSETCATALOG_COMPILER_APPICON_NAME = AppIcon;
				ASSETCATALOG_COMPILER_GLOBAL_ACCENT_COLOR_NAME = AccentColor;
				CODE_SIGN_STYLE = Automatic;
				DEVELOPMENT_ASSET_PATHS = "\"WorldGreetings/Preview Content\"";
				DEVELOPMENT_TEAM = 2BA7PGZ44F;
				ENABLE_PREVIEWS = YES;
				INFOPLIST_FILE = WorldGreetings/Info.plist;
				IPHONEOS_DEPLOYMENT_TARGET = 14.0;
				LD_RUNPATH_SEARCH_PATHS = (
					"$(inherited)",
					"@executable_path/Frameworks",
				);
				PRODUCT_BUNDLE_IDENTIFIER = com.piterwilson.WorldGreetings;
				PRODUCT_NAME = "$(TARGET_NAME)";
				SWIFT_VERSION = 5.0;
				TARGETED_DEVICE_FAMILY = "1,2";
			};
			name = Release;
		};
/* End XCBuildConfiguration section */

/* Begin XCConfigurationList section */
		4F0C63F72576654C00C4AA1C /* Build configuration list for PBXProject "WorldGreetings_App" */ = {
			isa = XCConfigurationList;
			buildConfigurations = (
				4F0C64092576654E00C4AA1C /* Debug */,
				4F0C640A2576654E00C4AA1C /* Release */,
			);
			defaultConfigurationIsVisible = 0;
			defaultConfigurationName = Release;
		};
		4F0C640B2576654E00C4AA1C /* Build configuration list for PBXNativeTarget "WorldGreetings_App" */ = {
			isa = XCConfigurationList;
			buildConfigurations = (
				4F0C640C2576654E00C4AA1C /* Debug */,
				4F0C640D2576654E00C4AA1C /* Release */,
			);
			defaultConfigurationIsVisible = 0;
			defaultConfigurationName = Release;
		};
/* End XCConfigurationList section */

/* Begin XCRemoteSwiftPackageReference section */
		4F0C640F2576664D00C4AA1C /* XCRemoteSwiftPackageReference "WorldGreetings-spm" */ = {
			isa = XCRemoteSwiftPackageReference;
			repositoryURL = "https://github.com/piterwilson/WorldGreetings-spm";
			requirement = {
				kind = upToNextMajorVersion;
				minimumVersion = 1.0.0;
			};
		};
/* End XCRemoteSwiftPackageReference section */

/* Begin XCSwiftPackageProductDependency section */
		4F0C64102576664D00C4AA1C /* WorldGreetings */ = {
			isa = XCSwiftPackageProductDependency;
			package = 4F0C640F2576664D00C4AA1C /* XCRemoteSwiftPackageReference "WorldGreetings-spm" */;
			productName = WorldGreetings;
		};
/* End XCSwiftPackageProductDependency section */
	};
	rootObject = 4F0C63F42576654C00C4AA1C /* Project object */;
}
