{
  "object": {
    "pins": [
      {
        "package": "WorldGreetings",
        "repositoryURL": "https://github.com/piterwilson/WorldGreetings-spm",
        "state": {
          "branch": null,
          "revision": "0d844804a1997e5268d1ce063a2263f3ec119293",
          "version": "1.1.0"
        }
      }
    ]
  },
  "version": 1
}
